{
    "_meta": {
        "hash": {
            "sha256": "c305a3077b37b6f28ef9ba88b122d2a4a9be5dca3f28b77820b362b4edb0f6af"
        },
        "pipfile-spec": 6,
        "requires": {
            "python_version": "3.6.6"
        },
        "sources": [
            {
                "name": "pypi",
                "url": "https://pypi.python.org/simple",
                "verify_ssl": true
            }
        ]
    },
    "default": {
        "alembic": {
            "hashes": [
                "sha256:8507fc12ccc99321da2fa117dde4b5d8664ff5ef017df7ce5e7e5051901a624a"
            ],
            "index": "pypi",
            "version": "==0.8.4"
        },
        "amqp": {
            "hashes": [
                "sha256:073dd02fdd73041bffc913b767866015147b61f2a9bc104daef172fc1a0066eb",
                "sha256:eed41946890cd43e8dee44a316b85cf6fee5a1a34bb4a562b660a358eb529e1b"
            ],
            "index": "pypi",
            "version": "==2.3.2"
        },
        "anyjson": {
            "hashes": [
                "sha256:37812d863c9ad3e35c0734c42e0bf0320ce8c3bed82cd20ad54cb34d158157ba"
            ],
            "index": "pypi",
            "version": "==0.3.3"
        },
        "babel": {
            "hashes": [
                "sha256:324978553daa4fae54c0bb7a360ba886d1bfbe3ac6299915857fff55f133feb7",
                "sha256:7fb6d50effe88a087feb2036cb972fd7a893bf338361516f1a55a820bf7b5248"
            ],
            "index": "pypi",
            "version": "==2.1.1"
        },
        "billiard": {
            "hashes": [
                "sha256:ed65448da5877b5558f19d2f7f11f8355ea76b3e63e1c0a6059f47cfae5f1c84"
            ],
            "index": "pypi",
            "version": "==3.5.0.4"
        },
        "blinker": {
            "hashes": [
                "sha256:471aee25f3992bd325afa3772f1063dbdbbca947a041b8b89466dc00d606f8b6"
            ],
            "index": "pypi",
            "version": "==1.4"
        },
        "celery": {
            "hashes": [
                "sha256:6fc4678d1692af97e137b2a9f1c04efd8e7e2fb7134c5c5ad60738cdd927762f",
                "sha256:d1f2a3359bdbdfb344edce98b8e891f5fe64f8a11c5a45538ec20ac237c971f5"
            ],
            "index": "pypi",
            "version": "==4.1.1"
        },
        "certifi": {
            "hashes": [
                "sha256:376690d6f16d32f9d1fe8932551d80b23e9d393a8578c5633a2ed39a64861638",
                "sha256:456048c7e371c089d0a77a5212fb37a2c2dce1e24146e3b7e0261736aaeaa22a"
            ],
            "index": "pypi",
            "version": "==2018.8.24"
        },
        "click": {
            "hashes": [
                "sha256:29f99fc6125fbc931b758dc053b3114e55c77a6e4c6c3a2674a2dc986016381d",
                "sha256:f15516df478d5a56180fbf80e68f206010e6d160fc39fa508b65e035fd75130b"
            ],
            "index": "pypi",
            "version": "==6.7"
        },
        "dj-database-url": {
            "hashes": [
                "sha256:ca01768fdecde134301f3170743226f60edff5c3935f12437378ebd911506353",
                "sha256:f2e273ed34acbb560962d5cf12917936d8df02297df09bd3089b8546d4584138"
            ],
            "index": "pypi",
            "version": "==0.3.0"
        },
        "django": {
            "hashes": [
                "sha256:c6c7e7a961e2847d050d214ca96dc3167bb5f2b25cd5c6cb2eea96e1717f4ade",
                "sha256:d92ad85a8684d86d078312acb0860824861a3cfcb482428f40878421f2253398"
            ],
            "index": "pypi",
            "version": "==1.8.1"
        },
        "django-postgrespool": {
            "hashes": [
                "sha256:7622a56a5652bb6dee1a279e7e2ec4b18efcb5670e4cc17c57f87040984a2e8c"
            ],
            "index": "pypi",
            "version": "==0.3.0"
        },
        "docopt": {
            "hashes": [
                "sha256:49b3a825280bd66b3aa83585ef59c4a8c82f2c8a522dbe754a8bc8d08c85c491"
            ],
            "index": "pypi",
            "version": "==0.6.2"
        },
        "flask": {
            "hashes": [
                "sha256:a4f97abd30d289e548434ef42317a793f58087be1989eab96f2c647470e77000",
                "sha256:b4713f2bfb9ebc2966b8a49903ae0d3984781d5c878591cf2f7b484d28756b0e"
            ],
            "index": "pypi",
            "version": "==0.11.1"
        },
        "flask-cors": {
            "hashes": [
                "sha256:0a09f3559ded4759387dfa2a355de59bc161f67269a1f4b7b0712a64b1f7dad6",
                "sha256:66a78dd308157f17296a254f793eba4cda1f75bfc96d9c5e33ad12bf9a411287"
            ],
            "index": "pypi",
            "version": "==3.0.2"
        },
        "flask-migrate": {
            "hashes": [
                "sha256:fb74af64d861932e0c0c427813ff87cd353a2a54b0b285c7dabdf62495dda799"
            ],
            "index": "pypi",
            "version": "==1.7.0"
        },
        "flask-script": {
            "hashes": [
                "sha256:cef76eac751396355429a14c38967bb14d4973c53e07dec94af5cc8fb017107f"
            ],
            "index": "pypi",
            "version": "==2.0.5"
        },
        "flask-sqlalchemy": {
            "hashes": [
                "sha256:c5244de44cc85d2267115624d83faef3f9e8f088756788694f305a5d5ad137c5"
            ],
            "index": "pypi",
            "version": "==2.1"
        },
        "flask-sslify": {
            "hashes": [
                "sha256:d33e1d3c09cd95154176aa8a7319418e52129fc482dd56d8a8ad7c24500d543e"
            ],
            "index": "pypi",
            "version": "==0.1.5"
        },
        "flask-wtf": {
            "hashes": [
                "sha256:20a5d72271677722ba6834e9e3327af777e0f6a758a3010c892c362107398512",
                "sha256:706a8fbf2d1d1e89264a57a60e83fabc0bd8a92b11ea45d9fa8f4241dc0a2381"
            ],
            "index": "pypi",
            "version": "==0.13.1"
        },
        "flower": {
            "hashes": [
                "sha256:bdd926b731e8024779a5373fa33bff4a30e2a2ae6cf3a591beb83fbde3dc352f"
            ],
            "index": "pypi",
            "version": "==0.9.1"
        },
        "futures": {
            "hashes": [
                "sha256:04afa2a06ab7dcca9d81717b420a7a14826061e9b2614a5c77dd24c75ccf97e4",
                "sha256:2fe2342bb4fe8b8e217f0d21b5921cbe5408bf966d9f92025e707e881b198bed"
            ],
            "index": "pypi",
            "version": "==3.0.3"
        },
        "gunicorn": {
            "hashes": [
                "sha256:aa8e0b40b4157b36a5df5e599f45c9c76d6af43845ba3b3b0efe2c70473c2471",
                "sha256:fa2662097c66f920f53f70621c6c58ca4a3c4d3434205e608e121b5b3b71f4f3"
            ],
            "index": "pypi",
            "version": "==19.9.0"
        },
        "itsdangerous": {
            "hashes": [
                "sha256:cbb3fcf8d3e33df861709ecaf89d9e6629cff0a217bc2848f1b41cd30d360519"
            ],
            "index": "pypi",
            "version": "==0.24"
        },
        "jinja2": {
            "hashes": [
                "sha256:1cc03ef32b64be19e0a5b54578dd790906a34943fe9102cfdae0d4495bd536b4",
                "sha256:bc1ff2ff88dbfacefde4ddde471d1417d3b304e8df103a7a9437d47269201bf4"
            ],
            "index": "pypi",
            "version": "==2.8"
        },
        "kombu": {
            "hashes": [
                "sha256:416aa6fb7b22125a3b65322eb26f5c4479d4830b3e7bad55191ac46438ef2b2b",
                "sha256:d601c47312833c0f6f4aaf037f293b2627398d4cf8526e6ba0360287294ee1fb"
            ],
            "index": "pypi",
            "version": "==4.2.0"
        },
        "mako": {
            "hashes": [
                "sha256:7644bc0ee35965d2e146dde31827b8982ed70a58281085fac42869a09764d38c"
            ],
            "index": "pypi",
            "version": "==1.0.3"
        },
        "markupsafe": {
            "hashes": [
                "sha256:a4ec1aff59b95a14b45eb2e23761a0179e98319da5a7eb76b56ea8cdc7b871c3"
            ],
            "index": "pypi",
            "version": "==0.23"
        },
        "num2words": {
            "hashes": [
                "sha256:29570bf3ff113f2a7eb508d75bbad19ae6934360d8a5e68ea8ff9ce29f02da9d",
                "sha256:84e3ef9a7539135c67b1642156ffb22dc14946b342d1f0a9503e1f31374c37e2"
            ],
            "index": "pypi",
            "version": "==0.5.5"
        },
        "plaid-python": {
            "hashes": [
                "sha256:5c6afd0c2c60ec4385ea6d5b7d2a3c06a1d73603d674a56b0bdab2bf17607449"
            ],
            "index": "pypi",
            "version": "==2.3.3"
        },
        "psycopg2": {
            "hashes": [
                "sha256:076351ed3c3b36ea147d456b3eb568be0ec89a29b000349d5b6d8e3e3026f49e",
                "sha256:11b5e4f9d1e7e742d6a953e70d19ac5a12db5dc539db929657df676ec475b435",
                "sha256:23198892998282d06884897dcb7561c043371c2b33118f1d12c0abbe1d7fd1d5",
                "sha256:25c843b5ba383820a027603f3ef7b4d9854602d325295cd82bded15b33b762c9",
                "sha256:3474c77a657fc2344f415ac0b5dc053ee0b3cdc84bbcc7cfc8047604b981febc",
                "sha256:4460dc9d0132db3483fcedd4f2fb30475fd89a98b9cd563f6ad1dabd59247845",
                "sha256:45dd9b3f08e327f23f5e70075738a69f4851c83e91b90b9fe3fe873de8c4e953",
                "sha256:58041e8372f077ed4dd37029e6988b2f0859e520d3949a90c4d6456ec47f7c75",
                "sha256:5e1d71b33e1712ab691988cd8d8866196e981fd3e353e01ff4604c437b338c75",
                "sha256:6f3b5bf74396800738f8c15e6cecf7ce64d0e59f80e1ca5fe5ceedbcdeaac5ed",
                "sha256:6ff610d8a5f44f28c27191cbc9025e4a6f8922dbb99b9d3ef0779b9c5ca164d6",
                "sha256:707b40dc972223880364fce6eaa42e8fd7946f636e91fc7ccf65beb149e9a489",
                "sha256:72448b57b82ece42a7f6c1c50a5ca27c0521f9e31b5d3621d19b2d9434debb32",
                "sha256:7d8e4c2639a693a3b87942596a68b2cfc6cfbd66c0997b1adb7b8828bde6c1b7",
                "sha256:84cb4591cd8a1238ddabcf8b066d3179fb2e2296679b720e8272f267d9137783",
                "sha256:868a251a32f46c2615e034541bf61944b810ba66a2a8efeef7fbeb35d20ba246",
                "sha256:87c950f463a11341af2228bc4173d4c47dce2e4d4b9282715b923c8d90b7547d",
                "sha256:8cdfef6ca3359f66418c84778506e431fd02a0a4cee10c8f54affef141d9a37f",
                "sha256:8e875e864876bf69879221746bacc3479cd5db26245bac4c3b2f9622ee6ac52f",
                "sha256:96c08e0d72a1dd7a9314636351a3ed8bdcdf332ec8414da93e81c2cb747ca62d",
                "sha256:99b02d34029d163344490212ebd7987b75a18349f5e1925ea77a1e77dd700c12",
                "sha256:ab4f2a7d9c43c65ea62f28f549079d3f5f5d5ca54eafb552c765537718a8dbd4",
                "sha256:ac8d1231aae6b6849e732e8d021a5f93fa9d8d8bac02c663797a9e6c5ac1607d",
                "sha256:c946dd53fd39427051e72707146643660f017388641b9daa2d316fe45af06551",
                "sha256:ceadecf660ad4f7a31ea5baef30a7351add8626f9fd3daaafabb9a9e549f3f9a",
                "sha256:da8475270687816c500a5874e14b25e120c2e9711dc6f7cf697af6bda31ab741",
                "sha256:e0313fb08c883ebc772d11c9ecf0b4ecf8946a37ed6fb3d2b6ad96f833a1af2b",
                "sha256:e452672f74f8d4540da0b9df4d50cd26109f05e2ed35015bb0ffe6a0f08e730e",
                "sha256:ebabc4ab0bd3fb4e4644cfe5c11c3ba22991ce1c6d40b4755a5f3f144e97e822",
                "sha256:ec26d70bc9e5be78334f3df474bb852e078b80d2ac44a069a925f4333a432cc9",
                "sha256:f50d0df01a1fe2c0b8e8d74c9eb8f636d09ccea4c7f50eb267eb117bd33b8516"
            ],
            "index": "pypi",
            "version": "==2.7"
        },
        "python-editor": {
            "hashes": [
                "sha256:f65c033ede0758663b9ff6a29d702f0b09198ad7c4ef96c9d37ccdfbf7bbf6fa"
            ],
            "index": "pypi",
            "version": "==0.5"
        },
        "pytz": {
            "hashes": [
                "sha256:054d9814d00254571cff84f6faedb25c046008322cbe51a6d5664c912b4f2929",
                "sha256:6eab31709e3a4aea748457707da45e805b650cbb352583805d2417de2a1dd71e",
                "sha256:8787de03f35f31699bcaf127e56ad14c00647965ed24d72dbaca87c6e4f843a3",
                "sha256:c6fe748ed6c676d9404b47897cfb399c514fb7428298465c8a3310ee5a2a0ec9"
            ],
            "index": "pypi",
            "version": "==2016.7"
        },
        "raven": {
            "hashes": [
                "sha256:594754ccaf876bfeaa949b39683422b82251bcec710b4ec099abaf2c9ce40fd8",
                "sha256:60ef4b3475faa48e17a577eb7e6616e725075cb8b5d2b63db6a77c4aacbcd3ac"
            ],
            "index": "pypi",
            "version": "==5.8.1"
        },
        "redis": {
            "hashes": [
                "sha256:5dfbae6acfc54edf0a7a415b99e0b21c0a3c27a7f787b292eea727b1facc5533",
                "sha256:97156b37d7cda4e7d8658be1148c983984e1a975090ba458cc7e244025191dbd"
            ],
            "index": "pypi",
            "version": "==2.10.5"
        },
        "requests": {
            "hashes": [
                "sha256:1f4726bc7636edcbd141ba9c868dd92ecb77dbc869f68a28c32e9e149b070854",
                "sha256:4881966532b5a36c552244fd909de66d1b8c4a26086f56fd5837cfcde63f8eb8"
            ],
            "index": "pypi",
            "version": "==2.9.0"
        },
        "singledispatch": {
            "hashes": [
                "sha256:5b06af87df13818d14f08a028e42f566640aef80805c3b50c5056b086e3c2b9c",
                "sha256:833b46966687b3de7f438c761ac475213e53b306740f1abfaa86e1d1aae56aa8"
            ],
            "index": "pypi",
            "version": "==3.4.0.3"
        },
        "six": {
            "hashes": [
                "sha256:0ff78c403d9bccf5a425a6d31a12aa6b47f1c21ca4dc2573a7e2f32a97335eb1",
                "sha256:105f8d68616f8248e24bf0e9372ef04d3cc10104f1980f54d57b2ce73a5ad56a"
            ],
            "index": "pypi",
            "version": "==1.10.0"
        },
        "sqlalchemy": {
            "hashes": [
                "sha256:9eb568d6381c6a45e3cc5616333deab653a15b3c6f9958419abeb055b400400e"
            ],
            "index": "pypi",
            "version": "==1.0.4"
        },
        "stripe": {
            "hashes": [
                "sha256:14946fc0d5a4e6a8110910b8621a571f38acfd9ca918a09c8e37564a8854909b",
                "sha256:744ff0c92c2be2f13fc187011a5176541b79f8498f0bdaf94db534b12687b9d8",
                "sha256:e5efeec42bfcfa099c61b057c1be61efdefdbee8b01b4a0b2f2a8e91f0766e7f"
            ],
            "index": "pypi",
            "version": "==1.41.1"
        },
        "tornado": {
            "hashes": [
                "sha256:e8b1207da67dbdceebfb291292b4ef1b547d6171525bec1b366853f923456a5f"
            ],
            "index": "pypi",
            "version": "==4.2.0"
        },
        "validate-email": {
            "hashes": [
                "sha256:784719dc5f780be319cdd185dc85dd93afebdb6ebb943811bc4c7c5f9c72aeaf"
            ],
            "index": "pypi",
            "version": "==1.3"
        },
        "vine": {
            "hashes": [
                "sha256:52116d59bc45392af9fdd3b75ed98ae48a93e822cee21e5fda249105c59a7a72",
                "sha256:6849544be74ec3638e84d90bc1cf2e1e9224cc10d96cd4383ec3f69e9bce077b"
            ],
            "version": "==1.1.4"
        },
        "virtualenv": {
            "hashes": [
                "sha256:02f8102c2436bb03b3ee6dede1919d1dac8a427541652e5ec95171ec8adbc93a",
                "sha256:39d88b533b422825d644087a21e78c45cf5af0ef7a99a1fc9fbb7b481e5c85b0"
            ],
            "index": "pypi",
            "version": "==15.1.0"
        },
        "werkzeug": {
            "hashes": [
                "sha256:b6a93e909b31e3e14659584ff7329864275905ddc1b8653861bdfe1e597250f4",
                "sha256:eb4f98994b40a8e2edce289e811c9a38880ae53eb9ff6f031d0e243a69b0fcbf"
            ],
            "index": "pypi",
            "version": "==0.11.2"
        },
        "whitenoise": {
            "hashes": [
                "sha256:3e4d80199960959b828951aa24cbfaa36cebed149dcd728c11e855798b15f870",
                "sha256:dac9419db3ece27bb53c7433243fc22ed42cf68de9d6c4129390e1d9aefe6310"
            ],
            "index": "pypi",
            "version": "==1.0.6"
        },
        "wtforms": {
            "hashes": [
                "sha256:ffdf10bd1fa565b8233380cb77a304cd36fd55c73023e91d4b803c96bc11d46f"
            ],
            "index": "pypi",
            "version": "==2.1"
        }
    },
    "develop": {}
}
