{
    "_meta": {
        "hash": {
            "sha256": "416b1f44fa448ec3eb44c773f7c2fdf33672063625481ecd8db450e847810a4c"
        },
        "pipfile-spec": 6,
        "requires": {
            "python_version": "3.7"
        },
        "sources": [
            {
                "name": "pypi",
                "url": "https://pypi.org/simple",
                "verify_ssl": true
            }
        ]
    },
    "default": {
        "amazon-pay": {
            "hashes": [
                "sha256:ef799202914603adbc18a13a6a937c5f912987a660339a092dfb912db701f2bc"
            ],
            "index": "pypi",
            "version": "==2.6.0"
        },
        "amqp": {
            "hashes": [
                "sha256:70cdb10628468ff14e57ec2f751c7aa9e48e7e3651cfd62d431213c0c4e58f21",
                "sha256:aa7f313fb887c91f15474c1229907a04dac0b8135822d6603437803424c0aa59"
            ],
            "markers": "python_version >= '2.7' and python_version not in '3.0, 3.1, 3.2, 3.3, 3.4'",
            "version": "==2.6.1"
        },
        "billiard": {
            "hashes": [
                "sha256:bff575450859a6e0fbc2f9877d9b715b0bbc07c3565bb7ed2280526a0cdf5ede",
                "sha256:d91725ce6425f33a97dfa72fb6bfef0e47d4652acd98a032bd1a7fbf06d5fa6a"
            ],
            "version": "==3.6.3.0"
        },
        "blinker": {
            "hashes": [
                "sha256:471aee25f3992bd325afa3772f1063dbdbbca947a041b8b89466dc00d606f8b6"
            ],
            "index": "pypi",
            "version": "==1.4"
        },
        "celery": {
            "hashes": [
                "sha256:4c4532aa683f170f40bd76f928b70bc06ff171a959e06e71bf35f2f9d6031ef9",
                "sha256:528e56767ae7e43a16cfef24ee1062491f5754368d38fcfffa861cdb9ef219be"
            ],
            "index": "pypi",
            "version": "==4.3.0"
        },
        "certifi": {
            "hashes": [
                "sha256:5930595817496dd21bb8dc35dad090f1c2cd0adfaf21204bf6732ca5d8ee34d3",
                "sha256:8fc0819f1f30ba15bdb34cceffb9ef04d99f420f68eb75d901e9560b8749fc41"
            ],
            "version": "==2020.6.20"
        },
        "cffi": {
            "hashes": [
                "sha256:0da50dcbccd7cb7e6c741ab7912b2eff48e85af217d72b57f80ebc616257125e",
                "sha256:12a453e03124069b6896107ee133ae3ab04c624bb10683e1ed1c1663df17c13c",
                "sha256:15419020b0e812b40d96ec9d369b2bc8109cc3295eac6e013d3261343580cc7e",
                "sha256:15a5f59a4808f82d8ec7364cbace851df591c2d43bc76bcbe5c4543a7ddd1bf1",
                "sha256:23e44937d7695c27c66a54d793dd4b45889a81b35c0751ba91040fe825ec59c4",
                "sha256:29c4688ace466a365b85a51dcc5e3c853c1d283f293dfcc12f7a77e498f160d2",
                "sha256:57214fa5430399dffd54f4be37b56fe22cedb2b98862550d43cc085fb698dc2c",
                "sha256:577791f948d34d569acb2d1add5831731c59d5a0c50a6d9f629ae1cefd9ca4a0",
                "sha256:6539314d84c4d36f28d73adc1b45e9f4ee2a89cdc7e5d2b0a6dbacba31906798",
                "sha256:65867d63f0fd1b500fa343d7798fa64e9e681b594e0a07dc934c13e76ee28fb1",
                "sha256:672b539db20fef6b03d6f7a14b5825d57c98e4026401fce838849f8de73fe4d4",
                "sha256:6843db0343e12e3f52cc58430ad559d850a53684f5b352540ca3f1bc56df0731",
                "sha256:7057613efefd36cacabbdbcef010e0a9c20a88fc07eb3e616019ea1692fa5df4",
                "sha256:76ada88d62eb24de7051c5157a1a78fd853cca9b91c0713c2e973e4196271d0c",
                "sha256:837398c2ec00228679513802e3744d1e8e3cb1204aa6ad408b6aff081e99a487",
                "sha256:8662aabfeab00cea149a3d1c2999b0731e70c6b5bac596d95d13f643e76d3d4e",
                "sha256:95e9094162fa712f18b4f60896e34b621df99147c2cee216cfa8f022294e8e9f",
                "sha256:99cc66b33c418cd579c0f03b77b94263c305c389cb0c6972dac420f24b3bf123",
                "sha256:9b219511d8b64d3fa14261963933be34028ea0e57455baf6781fe399c2c3206c",
                "sha256:ae8f34d50af2c2154035984b8b5fc5d9ed63f32fe615646ab435b05b132ca91b",
                "sha256:b9aa9d8818c2e917fa2c105ad538e222a5bce59777133840b93134022a7ce650",
                "sha256:bf44a9a0141a082e89c90e8d785b212a872db793a0080c20f6ae6e2a0ebf82ad",
                "sha256:c0b48b98d79cf795b0916c57bebbc6d16bb43b9fc9b8c9f57f4cf05881904c75",
                "sha256:da9d3c506f43e220336433dffe643fbfa40096d408cb9b7f2477892f369d5f82",
                "sha256:e4082d832e36e7f9b2278bc774886ca8207346b99f278e54c9de4834f17232f7",
                "sha256:e4b9b7af398c32e408c00eb4e0d33ced2f9121fd9fb978e6c1b57edd014a7d15",
                "sha256:e613514a82539fc48291d01933951a13ae93b6b444a88782480be32245ed4afa",
                "sha256:f5033952def24172e60493b68717792e3aebb387a8d186c43c020d9363ee7281"
            ],
            "version": "==1.14.2"
        },
        "chardet": {
            "hashes": [
                "sha256:84ab92ed1c4d4f16916e05906b6b75a6c0fb5db821cc65e70cbd64a3e2a5eaae",
                "sha256:fc323ffcaeaed0e0a02bf4d117757b98aed530d9ed4531e3e15460124c106691"
            ],
            "version": "==3.0.4"
        },
        "click": {
            "hashes": [
                "sha256:d2b5255c7c6349bc1bd1e59e08cd12acbbd63ce649f2588755783aa94dfb6b1a",
                "sha256:dacca89f4bfadd5de3d7489b7c8a566eee0d3676333fbb50030263894c38c0dc"
            ],
            "markers": "python_version >= '2.7' and python_version not in '3.0, 3.1, 3.2, 3.3, 3.4'",
            "version": "==7.1.2"
        },
        "cryptography": {
            "hashes": [
                "sha256:10c9775a3f31610cf6b694d1fe598f2183441de81cedcf1814451ae53d71b13a",
                "sha256:180c9f855a8ea280e72a5d61cf05681b230c2dce804c48e9b2983f491ecc44ed",
                "sha256:247df238bc05c7d2e934a761243bfdc67db03f339948b1e2e80c75d41fc7cc36",
                "sha256:26409a473cc6278e4c90f782cd5968ebad04d3911ed1c402fc86908c17633e08",
                "sha256:2a27615c965173c4c88f2961cf18115c08fedfb8bdc121347f26e8458dc6d237",
                "sha256:2e26223ac636ca216e855748e7d435a1bf846809ed12ed898179587d0cf74618",
                "sha256:321761d55fb7cb256b771ee4ed78e69486a7336be9143b90c52be59d7657f50f",
                "sha256:4005b38cd86fc51c955db40b0f0e52ff65340874495af72efabb1bb8ca881695",
                "sha256:4b9e96543d0784acebb70991ebc2dbd99aa287f6217546bb993df22dd361d41c",
                "sha256:548b0818e88792318dc137d8b1ec82a0ab0af96c7f0603a00bb94f896fbf5e10",
                "sha256:725875681afe50b41aee7fdd629cedbc4720bab350142b12c55c0a4d17c7416c",
                "sha256:7a63e97355f3cd77c94bd98c59cb85fe0efd76ea7ef904c9b0316b5bbfde6ed1",
                "sha256:94191501e4b4009642be21dde2a78bd3c2701a81ee57d3d3d02f1d99f8b64a9e",
                "sha256:969ae512a250f869c1738ca63be843488ff5cc031987d302c1f59c7dbe1b225f",
                "sha256:9f734423eb9c2ea85000aa2476e0d7a58e021bc34f0a373ac52a5454cd52f791",
                "sha256:b45ab1c6ece7c471f01c56f5d19818ca797c34541f0b2351635a5c9fe09ac2e0",
                "sha256:cc6096c86ec0de26e2263c228fb25ee01c3ff1346d3cfc219d67d49f303585af",
                "sha256:dc3f437ca6353979aace181f1b790f0fc79e446235b14306241633ab7d61b8f8",
                "sha256:e7563eb7bc5c7e75a213281715155248cceba88b11cb4b22957ad45b85903761",
                "sha256:e7dad66a9e5684a40f270bd4aee1906878193ae50a4831922e454a2a457f1716",
                "sha256:eb80a288e3cfc08f679f95da72d2ef90cb74f6d8a8ba69d2f215c5e110b2ca32",
                "sha256:fa7fbcc40e2210aca26c7ac8a39467eae444d90a2c346cbcffd9133a166bcc67"
            ],
            "markers": "python_version >= '2.7' and python_version not in '3.0, 3.1, 3.2, 3.3, 3.4'",
            "version": "==3.1"
        },
        "dnspython": {
            "hashes": [
                "sha256:044af09374469c3a39eeea1a146e8cac27daec951f1f1f157b1962fc7cb9d1b7",
                "sha256:40bb3c24b9d4ec12500f0124288a65df232a3aa749bb0c39734b782873a2544d"
            ],
            "markers": "python_version >= '3.6'",
            "version": "==2.0.0"
        },
        "docopt": {
            "hashes": [
                "sha256:49b3a825280bd66b3aa83585ef59c4a8c82f2c8a522dbe754a8bc8d08c85c491"
            ],
            "index": "pypi",
            "version": "==0.6.2"
        },
        "email-validator": {
            "hashes": [
                "sha256:ddc4b5b59fa699bb10127adcf7ad4de78fde4ec539a072b104b8bb16da666ae5"
            ],
            "index": "pypi",
            "version": "==1.0.3"
        },
        "flask": {
            "hashes": [
                "sha256:2271c0070dbcb5275fad4a82e29f23ab92682dc45f9dfbc22c02ba9b9322ce48",
                "sha256:a080b744b7e345ccfcbc77954861cb05b3c63786e93f2b3875e0913d44b43f05"
            ],
            "index": "pypi",
            "version": "==1.0.2"
        },
        "flask-limiter": {
            "hashes": [
                "sha256:473aa5bc97310406aa8c12ab3dc080697bcfa8cd21a6d0aba30916911bbc673c",
                "sha256:8cce98dcf25bf2ddbb824c2b503b4fc8e1a139154240fd2c60d9306bad8a0db8"
            ],
            "index": "pypi",
            "version": "==1.0.1"
        },
        "flask-talisman": {
            "hashes": [
                "sha256:b87228e9d1559e1b21d5fe277b8a27dfcd2693fb19eaa8fa02cacaaeafb167dd",
                "sha256:f39755e804edfc63e4ef30ee62d3b762283d5b40871f61b87f2dea39654f4fb7"
            ],
            "index": "pypi",
            "version": "==0.5.1"
        },
        "flask-wtf": {
            "hashes": [
                "sha256:57b3faf6fe5d6168bda0c36b0df1d05770f8e205e18332d0376ddb954d17aef2",
                "sha256:d417e3a0008b5ba583da1763e4db0f55a1269d9dd91dcc3eb3c026d3c5dbd720"
            ],
            "index": "pypi",
            "version": "==0.14.3"
        },
        "fuzzywuzzy": {
            "hashes": [
                "sha256:5ac7c0b3f4658d2743aa17da53a55598144edbc5bee3c6863840636e6926f254",
                "sha256:6f49de47db00e1c71d40ad16da42284ac357936fa9b66bea1df63fed07122d62"
            ],
            "index": "pypi",
            "version": "==0.17.0"
        },
        "gunicorn": {
            "hashes": [
                "sha256:1904bb2b8a43658807108d59c3f3d56c2b6121a701161de0ddf9ad140073c626",
                "sha256:cd4a810dd51bf497552cf3f863b575dabd73d6ad6a91075b65936b151cbf4f9c"
            ],
            "index": "pypi",
            "version": "==20.0.4"
        },
        "idna": {
            "hashes": [
                "sha256:b307872f855b18632ce0c21c5e45be78c0ea7ae4c15c828c20788b26921eb3f6",
                "sha256:b97d804b1e9b523befed77c48dacec60e6dcb0b5391d57af6a65a312a90648c0"
            ],
            "markers": "python_version >= '2.7' and python_version not in '3.0, 3.1, 3.2, 3.3'",
            "version": "==2.10"
        },
        "importlib-metadata": {
            "hashes": [
                "sha256:90bb658cdbbf6d1735b6341ce708fc7024a3e14e99ffdc5783edea9f9b077f83",
                "sha256:dc15b2969b4ce36305c51eebe62d418ac7791e9a157911d58bfb1f9ccd8e2070"
            ],
            "markers": "python_version < '3.8'",
            "version": "==1.7.0"
        },
        "itsdangerous": {
            "hashes": [
                "sha256:321b033d07f2a4136d3ec762eac9f16a10ccd60f53c0c91af90217ace7ba1f19",
                "sha256:b12271b2047cb23eeb98c8b5622e2e5c5e9abd9784a153e9d8ef9cb4dd09d749"
            ],
            "markers": "python_version >= '2.7' and python_version not in '3.0, 3.1, 3.2, 3.3'",
            "version": "==1.1.0"
        },
        "jinja2": {
            "hashes": [
                "sha256:89aab215427ef59c34ad58735269eb58b1a5808103067f7bb9d5836c651b3bb0",
                "sha256:f0a4641d3cf955324a89c04f3d94663aa4d638abe8f733ecd3582848e1c37035"
            ],
            "markers": "python_version >= '2.7' and python_version not in '3.0, 3.1, 3.2, 3.3, 3.4'",
            "version": "==2.11.2"
        },
        "kombu": {
            "hashes": [
                "sha256:be48cdffb54a2194d93ad6533d73f69408486483d189fe9f5990ee24255b0e0a",
                "sha256:ca1b45faac8c0b18493d02a8571792f3c40291cf2bcf1f55afed3d8f3aa7ba74"
            ],
            "markers": "python_version >= '2.7' and python_version not in '3.0, 3.1, 3.2, 3.3, 3.4'",
            "version": "==4.6.11"
        },
        "limits": {
            "hashes": [
                "sha256:0e5f8b10f18dd809eb2342f5046eb9aa5e4e69a0258567b5f4aa270647d438b3",
                "sha256:f0c3319f032c4bfad68438ed1325c0fac86dac64582c7c25cddc87a0b658fa20"
            ],
            "version": "==1.5.1"
        },
        "markupsafe": {
            "hashes": [
                "sha256:00bc623926325b26bb9605ae9eae8a215691f33cae5df11ca5424f06f2d1f473",
                "sha256:09027a7803a62ca78792ad89403b1b7a73a01c8cb65909cd876f7fcebd79b161",
                "sha256:09c4b7f37d6c648cb13f9230d847adf22f8171b1ccc4d5682398e77f40309235",
                "sha256:1027c282dad077d0bae18be6794e6b6b8c91d58ed8a8d89a89d59693b9131db5",
                "sha256:13d3144e1e340870b25e7b10b98d779608c02016d5184cfb9927a9f10c689f42",
                "sha256:24982cc2533820871eba85ba648cd53d8623687ff11cbb805be4ff7b4c971aff",
                "sha256:29872e92839765e546828bb7754a68c418d927cd064fd4708fab9fe9c8bb116b",
                "sha256:43a55c2930bbc139570ac2452adf3d70cdbb3cfe5912c71cdce1c2c6bbd9c5d1",
                "sha256:46c99d2de99945ec5cb54f23c8cd5689f6d7177305ebff350a58ce5f8de1669e",
                "sha256:500d4957e52ddc3351cabf489e79c91c17f6e0899158447047588650b5e69183",
                "sha256:535f6fc4d397c1563d08b88e485c3496cf5784e927af890fb3c3aac7f933ec66",
                "sha256:596510de112c685489095da617b5bcbbac7dd6384aeebeda4df6025d0256a81b",
                "sha256:62fe6c95e3ec8a7fad637b7f3d372c15ec1caa01ab47926cfdf7a75b40e0eac1",
                "sha256:6788b695d50a51edb699cb55e35487e430fa21f1ed838122d722e0ff0ac5ba15",
                "sha256:6dd73240d2af64df90aa7c4e7481e23825ea70af4b4922f8ede5b9e35f78a3b1",
                "sha256:717ba8fe3ae9cc0006d7c451f0bb265ee07739daf76355d06366154ee68d221e",
                "sha256:79855e1c5b8da654cf486b830bd42c06e8780cea587384cf6545b7d9ac013a0b",
                "sha256:7c1699dfe0cf8ff607dbdcc1e9b9af1755371f92a68f706051cc8c37d447c905",
                "sha256:88e5fcfb52ee7b911e8bb6d6aa2fd21fbecc674eadd44118a9cc3863f938e735",
                "sha256:8defac2f2ccd6805ebf65f5eeb132adcf2ab57aa11fdf4c0dd5169a004710e7d",
                "sha256:98c7086708b163d425c67c7a91bad6e466bb99d797aa64f965e9d25c12111a5e",
                "sha256:9add70b36c5666a2ed02b43b335fe19002ee5235efd4b8a89bfcf9005bebac0d",
                "sha256:9bf40443012702a1d2070043cb6291650a0841ece432556f784f004937f0f32c",
                "sha256:ade5e387d2ad0d7ebf59146cc00c8044acbd863725f887353a10df825fc8ae21",
                "sha256:b00c1de48212e4cc9603895652c5c410df699856a2853135b3967591e4beebc2",
                "sha256:b1282f8c00509d99fef04d8ba936b156d419be841854fe901d8ae224c59f0be5",
                "sha256:b2051432115498d3562c084a49bba65d97cf251f5a331c64a12ee7e04dacc51b",
                "sha256:ba59edeaa2fc6114428f1637ffff42da1e311e29382d81b339c1817d37ec93c6",
                "sha256:c8716a48d94b06bb3b2524c2b77e055fb313aeb4ea620c8dd03a105574ba704f",
                "sha256:cd5df75523866410809ca100dc9681e301e3c27567cf498077e8551b6d20e42f",
                "sha256:cdb132fc825c38e1aeec2c8aa9338310d29d337bebbd7baa06889d09a60a1fa2",
                "sha256:e249096428b3ae81b08327a63a485ad0878de3fb939049038579ac0ef61e17e7",
                "sha256:e8313f01ba26fbbe36c7be1966a7b7424942f670f38e666995b88d012765b9be"
            ],
            "markers": "python_version >= '2.7' and python_version not in '3.0, 3.1, 3.2, 3.3'",
            "version": "==1.1.1"
        },
        "nameparser": {
            "hashes": [
                "sha256:4850660cfd3dfb97fe2bd54df1cf095a3c1f8261c2d0f9f22ffe4ee151f9e117",
                "sha256:cbb002df6e37a04b6e95806098c836b4e32f6ede0057386adc270bf119bc82cd"
            ],
            "index": "pypi",
            "version": "==1.0.4"
        },
        "plaid-python": {
            "hashes": [
                "sha256:bbfad84b8c827a14bc5b0ab93e1e5c7117908e5fa4cdecaa44a037298a20b7de"
            ],
            "index": "pypi",
            "version": "==3.4.0"
        },
        "pycparser": {
            "hashes": [
                "sha256:2d475327684562c3a96cc71adf7dc8c4f0565175cf86b6d7a404ff4c771f15f0",
                "sha256:7582ad22678f0fcd81102833f60ef8d0e57288b6b5fb00323d101be910e35705"
            ],
            "markers": "python_version >= '2.7' and python_version not in '3.0, 3.1, 3.2, 3.3'",
            "version": "==2.20"
        },
        "pyopenssl": {
            "hashes": [
                "sha256:621880965a720b8ece2f1b2f54ea2071966ab00e2970ad2ce11d596102063504",
                "sha256:9a24494b2602aaf402be5c9e30a0b82d4a5c67528fe8fb475e3f3bc00dd69507"
            ],
            "version": "==19.1.0"
        },
        "python-dotenv": {
            "hashes": [
                "sha256:8c10c99a1b25d9a68058a1ad6f90381a62ba68230ca93966882a4dbc3bc9c33d",
                "sha256:c10863aee750ad720f4f43436565e4c1698798d763b63234fb5021b6c616e423"
            ],
            "index": "pypi",
            "version": "==0.14.0"
        },
        "python-levenshtein": {
            "hashes": [
                "sha256:033a11de5e3d19ea25c9302d11224e1a1898fe5abd23c61c7c360c25195e3eb1"
            ],
            "index": "pypi",
            "version": "==0.12.0"
        },
        "pytz": {
            "hashes": [
                "sha256:a494d53b6d39c3c6e44c3bec237336e14305e4f29bbf800b599253057fbb79ed",
                "sha256:c35965d010ce31b23eeb663ed3cc8c906275d6be1a34393a1d73a41febf4a048"
            ],
            "index": "pypi",
            "version": "==2020.1"
        },
        "redis": {
            "hashes": [
                "sha256:724932360d48e5407e8f82e405ab3650a36ed02c7e460d1e6fddf0f038422b54",
                "sha256:9b19425a38fd074eb5795ff2b0d9a55b46a44f91f5347995f27e3ad257a7d775"
            ],
            "index": "pypi",
            "version": "==3.2.0"
        },
        "requests": {
            "hashes": [
                "sha256:b3559a131db72c33ee969480840fff4bb6dd111de7dd27c8ee1f820f4f00231b",
                "sha256:fe75cc94a9443b9246fc7049224f75604b113c36acb93f87b80ed42c44cbb898"
            ],
            "markers": "python_version >= '3.0'",
            "version": "==2.24.0"
        },
        "sentry-sdk": {
            "hashes": [
                "sha256:09e1e8f00f22ea580348f83bbbd880adf40b29f1dec494a8e4b33e22f77184fb",
                "sha256:ff1fa7fb85703ae9414c8b427ee73f8363232767c9cd19158f08f6e4f0b58fc7"
            ],
            "index": "pypi",
            "version": "==0.13.2"
        },
        "simplejson": {
            "hashes": [
                "sha256:067a7177ddfa32e1483ba5169ebea1bc2ea27f224853211ca669325648ca5642",
                "sha256:2b8cb601d9ba0381499db719ccc9dfbb2fbd16013f5ff096b1a68a4775576a04",
                "sha256:2c139daf167b96f21542248f8e0a06596c9b9a7a41c162cc5c9ee9f3833c93cd",
                "sha256:2fc546e6af49fb45b93bbe878dea4c48edc34083729c0abd09981fe55bdf7f91",
                "sha256:354fa32b02885e6dae925f1b5bbf842c333c1e11ea5453ddd67309dc31fdb40a",
                "sha256:37e685986cf6f8144607f90340cff72d36acf654f3653a6c47b84c5c38d00df7",
                "sha256:3af610ee72efbe644e19d5eaad575c73fb83026192114e5f6719f4901097fce2",
                "sha256:3b919fc9cf508f13b929a9b274c40786036b31ad28657819b3b9ba44ba651f50",
                "sha256:3dd289368bbd064974d9a5961101f080e939cbe051e6689a193c99fb6e9ac89b",
                "sha256:491de7acc423e871a814500eb2dcea8aa66c4a4b1b4825d18f756cdf58e370cb",
                "sha256:495511fe5f10ccf4e3ed4fc0c48318f533654db6c47ecbc970b4ed215c791968",
                "sha256:65b41a5cda006cfa7c66eabbcf96aa704a6be2a5856095b9e2fd8c293bad2b46",
                "sha256:6c3258ffff58712818a233b9737fe4be943d306c40cf63d14ddc82ba563f483a",
                "sha256:75e3f0b12c28945c08f54350d91e624f8dd580ab74fd4f1bbea54bc6b0165610",
                "sha256:79b129fe65fdf3765440f7a73edaffc89ae9e7885d4e2adafe6aa37913a00fbb",
                "sha256:b1f329139ba647a9548aa05fb95d046b4a677643070dc2afc05fa2e975d09ca5",
                "sha256:c206f47cbf9f32b573c9885f0ec813d2622976cf5effcf7e472344bc2e020ac1",
                "sha256:d8e238f20bcf70063ee8691d4a72162bcec1f4c38f83c93e6851e72ad545dabb",
                "sha256:ee9625fc8ee164902dfbb0ff932b26df112da9f871c32f0f9c1bcf20c350fe2a",
                "sha256:fb2530b53c28f0d4d84990e945c2ebb470edb469d63e389bf02ff409012fe7c5",
                "sha256:feadb95170e45f439455354904768608e356c5b174ca30b3d11b0e3f24b5c0df"
            ],
            "index": "pypi",
            "version": "==3.16.0"
        },
        "six": {
            "hashes": [
                "sha256:30639c035cdb23534cd4aa2dd52c3bf48f06e5f4a941509c8bafd8ce11080259",
                "sha256:8b74bedcbbbaca38ff6d7491d76f2b06b3592611af620f8426e82dddb04a5ced"
            ],
            "markers": "python_version >= '2.7' and python_version not in '3.0, 3.1, 3.2, 3.3'",
            "version": "==1.15.0"
        },
        "stripe": {
            "hashes": [
                "sha256:babf70550ec710e2588bdd748f021ccb0c150a1baec715c68f57c198608b3345",
                "sha256:eeacf35f828a7795660cff0d3da6ca60ee3db15d1b9ef227aaeacfe232a52999"
            ],
            "index": "pypi",
            "version": "==2.40.0"
        },
        "urllib3": {
            "hashes": [
                "sha256:91056c15fa70756691db97756772bb1eb9678fa585d9184f24534b100dc60f4a",
                "sha256:e7983572181f5e1522d9c98453462384ee92a0be7fac5f1413a1e35c56cc0461"
            ],
            "markers": "python_version >= '2.7' and python_version not in '3.0, 3.1, 3.2, 3.3, 3.4' and python_version < '4'",
            "version": "==1.25.10"
        },
        "vine": {
            "hashes": [
                "sha256:133ee6d7a9016f177ddeaf191c1f58421a1dcc6ee9a42c58b34bed40e1d2cd87",
                "sha256:ea4947cc56d1fd6f2095c8d543ee25dad966f78692528e68b4fada11ba3f98af"
            ],
            "markers": "python_version >= '2.7' and python_version not in '3.0, 3.1, 3.2, 3.3'",
            "version": "==1.3.0"
        },
        "werkzeug": {
            "hashes": [
                "sha256:2de2a5db0baeae7b2d2664949077c2ac63fbd16d98da0ff71837f7d1dea3fd43",
                "sha256:6c80b1e5ad3665290ea39320b91e1be1e0d5f60652b964a3070216de83d2e47c"
            ],
            "markers": "python_version >= '2.7' and python_version not in '3.0, 3.1, 3.2, 3.3, 3.4'",
            "version": "==1.0.1"
        },
        "wtforms": {
            "hashes": [
                "sha256:0cdbac3e7f6878086c334aa25dc5a33869a3954e9d1e015130d65a69309b3b61",
                "sha256:e3ee092c827582c50877cdbd49e9ce6d2c5c1f6561f849b3b068c1b8029626f1"
            ],
            "index": "pypi",
            "version": "==2.2.1"
        },
        "zipp": {
            "hashes": [
                "sha256:aa36550ff0c0b7ef7fa639055d797116ee891440eac1a56f378e2d3179e0320b",
                "sha256:c599e4d75c98f6798c509911d08a22e6c021d074469042177c8c86fb92eefd96"
            ],
            "markers": "python_version >= '3.6'",
            "version": "==3.1.0"
        }
    },
    "develop": {
        "astroid": {
            "hashes": [
                "sha256:2f4078c2a41bf377eea06d71c9d2ba4eb8f6b1af2135bec27bbbb7d8f12bb703",
                "sha256:bc58d83eb610252fd8de6363e39d4f1d0619c894b0ed24603b881c02e64c7386"
            ],
            "markers": "python_version >= '3.5'",
            "version": "==2.4.2"
        },
        "isort": {
            "hashes": [
                "sha256:92533892058de0306e51c88f22ece002a209dc8e80288aa3cec6d443060d584f",
                "sha256:a200d47b7ee8b7f7d0a9646650160c4a51b6a91a9413fd31b1da2c4de789f5d3"
            ],
            "markers": "python_version >= '3.6' and python_version < '4.0'",
            "version": "==5.5.1"
        },
        "lazy-object-proxy": {
            "hashes": [
                "sha256:0c4b206227a8097f05c4dbdd323c50edf81f15db3b8dc064d08c62d37e1a504d",
                "sha256:194d092e6f246b906e8f70884e620e459fc54db3259e60cf69a4d66c3fda3449",
                "sha256:1be7e4c9f96948003609aa6c974ae59830a6baecc5376c25c92d7d697e684c08",
                "sha256:4677f594e474c91da97f489fea5b7daa17b5517190899cf213697e48d3902f5a",
                "sha256:48dab84ebd4831077b150572aec802f303117c8cc5c871e182447281ebf3ac50",
                "sha256:5541cada25cd173702dbd99f8e22434105456314462326f06dba3e180f203dfd",
                "sha256:59f79fef100b09564bc2df42ea2d8d21a64fdcda64979c0fa3db7bdaabaf6239",
                "sha256:8d859b89baf8ef7f8bc6b00aa20316483d67f0b1cbf422f5b4dc56701c8f2ffb",
                "sha256:9254f4358b9b541e3441b007a0ea0764b9d056afdeafc1a5569eee1cc6c1b9ea",
                "sha256:9651375199045a358eb6741df3e02a651e0330be090b3bc79f6d0de31a80ec3e",
                "sha256:97bb5884f6f1cdce0099f86b907aa41c970c3c672ac8b9c8352789e103cf3156",
                "sha256:9b15f3f4c0f35727d3a0fba4b770b3c4ebbb1fa907dbcc046a1d2799f3edd142",
                "sha256:a2238e9d1bb71a56cd710611a1614d1194dc10a175c1e08d75e1a7bcc250d442",
                "sha256:a6ae12d08c0bf9909ce12385803a543bfe99b95fe01e752536a60af2b7797c62",
                "sha256:ca0a928a3ddbc5725be2dd1cf895ec0a254798915fb3a36af0964a0a4149e3db",
                "sha256:cb2c7c57005a6804ab66f106ceb8482da55f5314b7fcb06551db1edae4ad1531",
                "sha256:d74bb8693bf9cf75ac3b47a54d716bbb1a92648d5f781fc799347cfc95952383",
                "sha256:d945239a5639b3ff35b70a88c5f2f491913eb94871780ebfabb2568bd58afc5a",
                "sha256:eba7011090323c1dadf18b3b689845fd96a61ba0a1dfbd7f24b921398affc357",
                "sha256:efa1909120ce98bbb3777e8b6f92237f5d5c8ea6758efea36a473e1d38f7d3e4",
                "sha256:f3900e8a5de27447acbf900b4750b0ddfd7ec1ea7fbaf11dfa911141bc522af0"
            ],
            "markers": "python_version >= '2.7' and python_version not in '3.0, 3.1, 3.2, 3.3'",
            "version": "==1.4.3"
        },
        "mccabe": {
            "hashes": [
                "sha256:ab8a6258860da4b6677da4bd2fe5dc2c659cff31b3ee4f7f5d64e79735b80d42",
                "sha256:dd8d182285a0fe56bace7f45b5e7d1a6ebcbf524e8f3bd87eb0f125271b8831f"
            ],
            "version": "==0.6.1"
        },
        "pylint": {
            "hashes": [
                "sha256:bb4a908c9dadbc3aac18860550e870f58e1a02c9f2c204fdf5693d73be061210",
                "sha256:bfe68f020f8a0fece830a22dd4d5dddb4ecc6137db04face4c3420a46a52239f"
            ],
            "index": "pypi",
            "version": "==2.6.0"
        },
        "pylint-flask": {
            "hashes": [
                "sha256:f4d97de2216bf7bfce07c9c08b166e978fe9f2725de2a50a9845a97de7e31517"
            ],
            "index": "pypi",
            "version": "==0.6"
        },
        "pylint-plugin-utils": {
            "hashes": [
                "sha256:2f30510e1c46edf268d3a195b2849bd98a1b9433229bb2ba63b8d776e1fc4d0a",
                "sha256:57625dcca20140f43731311cd8fd879318bf45a8b0fd17020717a8781714a25a"
            ],
            "version": "==0.6"
        },
        "six": {
            "hashes": [
                "sha256:30639c035cdb23534cd4aa2dd52c3bf48f06e5f4a941509c8bafd8ce11080259",
                "sha256:8b74bedcbbbaca38ff6d7491d76f2b06b3592611af620f8426e82dddb04a5ced"
            ],
            "markers": "python_version >= '2.7' and python_version not in '3.0, 3.1, 3.2, 3.3'",
            "version": "==1.15.0"
        },
        "toml": {
            "hashes": [
                "sha256:926b612be1e5ce0634a2ca03470f95169cf16f939018233a670519cb4ac58b0f",
                "sha256:bda89d5935c2eac546d648028b9901107a595863cb36bae0c73ac804a9b4ce88"
            ],
            "version": "==0.10.1"
        },
        "typed-ast": {
            "hashes": [
                "sha256:0666aa36131496aed8f7be0410ff974562ab7eeac11ef351def9ea6fa28f6355",
                "sha256:0c2c07682d61a629b68433afb159376e24e5b2fd4641d35424e462169c0a7919",
                "sha256:249862707802d40f7f29f6e1aad8d84b5aa9e44552d2cc17384b209f091276aa",
                "sha256:24995c843eb0ad11a4527b026b4dde3da70e1f2d8806c99b7b4a7cf491612652",
                "sha256:269151951236b0f9a6f04015a9004084a5ab0d5f19b57de779f908621e7d8b75",
                "sha256:4083861b0aa07990b619bd7ddc365eb7fa4b817e99cf5f8d9cf21a42780f6e01",
                "sha256:498b0f36cc7054c1fead3d7fc59d2150f4d5c6c56ba7fb150c013fbc683a8d2d",
                "sha256:4e3e5da80ccbebfff202a67bf900d081906c358ccc3d5e3c8aea42fdfdfd51c1",
                "sha256:6daac9731f172c2a22ade6ed0c00197ee7cc1221aa84cfdf9c31defeb059a907",
                "sha256:715ff2f2df46121071622063fc7543d9b1fd19ebfc4f5c8895af64a77a8c852c",
                "sha256:73d785a950fc82dd2a25897d525d003f6378d1cb23ab305578394694202a58c3",
                "sha256:8c8aaad94455178e3187ab22c8b01a3837f8ee50e09cf31f1ba129eb293ec30b",
                "sha256:8ce678dbaf790dbdb3eba24056d5364fb45944f33553dd5869b7580cdbb83614",
                "sha256:aaee9905aee35ba5905cfb3c62f3e83b3bec7b39413f0a7f19be4e547ea01ebb",
                "sha256:bcd3b13b56ea479b3650b82cabd6b5343a625b0ced5429e4ccad28a8973f301b",
                "sha256:c9e348e02e4d2b4a8b2eedb48210430658df6951fa484e59de33ff773fbd4b41",
                "sha256:d205b1b46085271b4e15f670058ce182bd1199e56b317bf2ec004b6a44f911f6",
                "sha256:d43943ef777f9a1c42bf4e552ba23ac77a6351de620aa9acf64ad54933ad4d34",
                "sha256:d5d33e9e7af3b34a40dc05f498939f0ebf187f07c385fd58d591c533ad8562fe",
                "sha256:fc0fea399acb12edbf8a628ba8d2312f583bdbdb3335635db062fa98cf71fca4",
                "sha256:fe460b922ec15dd205595c9b5b99e2f056fd98ae8f9f56b888e7a17dc2b757e7"
            ],
            "markers": "python_version < '3.8' and implementation_name == 'cpython'",
            "version": "==1.4.1"
        },
        "wrapt": {
            "hashes": [
                "sha256:b62ffa81fb85f4332a4f609cab4ac40709470da05643a082ec1eb88e6d9b97d7"
            ],
            "version": "==1.12.1"
        }
    }
}
